
Microsoft Visual Studio Solution File, Format Version 12.00
# Visual Studio Version 17
VisualStudioVersion = 17.10.35027.167
MinimumVisualStudioVersion = 10.0.40219.1
Project("{FAE04EC0-301F-11D3-BF4B-00C04F79EFBC}") = "Inheritance", "Inheritance\Inheritance.csproj", "{CDF125A8-459C-4A90-8A5A-12D939040151}"
EndProject
Project("{FAE04EC0-301F-11D3-BF4B-00C04F79EFBC}") = "Accademy", "Accademy\Accademy.csproj", "{5B911B4F-AA72-46DC-B891-3A26583BF503}"
EndProject
Project("{8BC9CEB8-8B4A-11D0-8D11-00A0C91BC942}") = "Files", "Files\Files.vcxproj", "{BD8632AF-8B75-4436-AA9A-DBDEC1CB12E4}"
EndProject
Global
	GlobalSection(SolutionConfigurationPlatforms) = preSolution
		Debug|Any CPU = Debug|Any CPU
		Debug|x64 = Debug|x64
		Debug|x86 = Debug|x86
		Release|Any CPU = Release|Any CPU
		Release|x64 = Release|x64
		Release|x86 = Release|x86
	EndGlobalSection
	GlobalSection(ProjectConfigurationPlatforms) = postSolution
		{CDF125A8-459C-4A90-8A5A-12D939040151}.Debug|Any CPU.ActiveCfg = Debug|Any CPU
		{CDF125A8-459C-4A90-8A5A-12D939040151}.Debug|Any CPU.Build.0 = Debug|Any CPU
		{CDF125A8-459C-4A90-8A5A-12D939040151}.Debug|x64.ActiveCfg = Debug|Any CPU
		{CDF125A8-459C-4A90-8A5A-12D939040151}.Debug|x64.Build.0 = Debug|Any CPU
		{CDF125A8-459C-4A90-8A5A-12D939040151}.Debug|x86.ActiveCfg = Debug|Any CPU
		{CDF125A8-459C-4A90-8A5A-12D939040151}.Debug|x86.Build.0 = Debug|Any CPU
		{CDF125A8-459C-4A90-8A5A-12D939040151}.Release|Any CPU.ActiveCfg = Release|Any CPU
		{CDF125A8-459C-4A90-8A5A-12D939040151}.Release|Any CPU.Build.0 = Release|Any CPU
		{CDF125A8-459C-4A90-8A5A-12D939040151}.Release|x64.ActiveCfg = Release|Any CPU
		{CDF125A8-459C-4A90-8A5A-12D939040151}.Release|x64.Build.0 = Release|Any CPU
		{CDF125A8-459C-4A90-8A5A-12D939040151}.Release|x86.ActiveCfg = Release|Any CPU
		{CDF125A8-459C-4A90-8A5A-12D939040151}.Release|x86.Build.0 = Release|Any CPU
		{5B911B4F-AA72-46DC-B891-3A26583BF503}.Debug|Any CPU.ActiveCfg = Debug|Any CPU
		{5B911B4F-AA72-46DC-B891-3A26583BF503}.Debug|Any CPU.Build.0 = Debug|Any CPU
		{5B911B4F-AA72-46DC-B891-3A26583BF503}.Debug|x64.ActiveCfg = Debug|Any CPU
		{5B911B4F-AA72-46DC-B891-3A26583BF503}.Debug|x64.Build.0 = Debug|Any CPU
		{5B911B4F-AA72-46DC-B891-3A26583BF503}.Debug|x86.ActiveCfg = Debug|Any CPU
		{5B911B4F-AA72-46DC-B891-3A26583BF503}.Debug|x86.Build.0 = Debug|Any CPU
		{5B911B4F-AA72-46DC-B891-3A26583BF503}.Release|Any CPU.ActiveCfg = Release|Any CPU
		{5B911B4F-AA72-46DC-B891-3A26583BF503}.Release|Any CPU.Build.0 = Release|Any CPU
		{5B911B4F-AA72-46DC-B891-3A26583BF503}.Release|x64.ActiveCfg = Release|Any CPU
		{5B911B4F-AA72-46DC-B891-3A26583BF503}.Release|x64.Build.0 = Release|Any CPU
		{5B911B4F-AA72-46DC-B891-3A26583BF503}.Release|x86.ActiveCfg = Release|Any CPU
		{5B911B4F-AA72-46DC-B891-3A26583BF503}.Release|x86.Build.0 = Release|Any CPU
		{BD8632AF-8B75-4436-AA9A-DBDEC1CB12E4}.Debug|Any CPU.ActiveCfg = Debug|x64
		{BD8632AF-8B75-4436-AA9A-DBDEC1CB12E4}.Debug|Any CPU.Build.0 = Debug|x64
		{BD8632AF-8B75-4436-AA9A-DBDEC1CB12E4}.Debug|x64.ActiveCfg = Debug|x64
		{BD8632AF-8B75-4436-AA9A-DBDEC1CB12E4}.Debug|x64.Build.0 = Debug|x64
		{BD8632AF-8B75-4436-AA9A-DBDEC1CB12E4}.Debug|x86.ActiveCfg = Debug|Win32
		{BD8632AF-8B75-4436-AA9A-DBDEC1CB12E4}.Debug|x86.Build.0 = Debug|Win32
		{BD8632AF-8B75-4436-AA9A-DBDEC1CB12E4}.Release|Any CPU.ActiveCfg = Release|x64
		{BD8632AF-8B75-4436-AA9A-DBDEC1CB12E4}.Release|Any CPU.Build.0 = Release|x64
		{BD8632AF-8B75-4436-AA9A-DBDEC1CB12E4}.Release|x64.ActiveCfg = Release|x64
		{BD8632AF-8B75-4436-AA9A-DBDEC1CB12E4}.Release|x64.Build.0 = Release|x64
		{BD8632AF-8B75-4436-AA9A-DBDEC1CB12E4}.Release|x86.ActiveCfg = Release|Win32
		{BD8632AF-8B75-4436-AA9A-DBDEC1CB12E4}.Release|x86.Build.0 = Release|Win32
	EndGlobalSection
	GlobalSection(SolutionProperties) = preSolution
		HideSolutionNode = FALSE
	EndGlobalSection
	GlobalSection(ExtensibilityGlobals) = postSolution
		SolutionGuid = {B220A03E-870A-4BC6-8DFB-6306FEB5F31D}
	EndGlobalSection
EndGlobal
