
Microsoft Visual Studio Solution File, Format Version 12.00
# Visual Studio Version 17
VisualStudioVersion = 17.10.35027.167
MinimumVisualStudioVersion = 10.0.40219.1
Project("{FAE04EC0-301F-11D3-BF4B-00C04F79EFBC}") = "Inheritance", "Inheritance\Inheritance.csproj", "{CDF125A8-459C-4A90-8A5A-12D939040151}"
EndProject
Project("{FAE04EC0-301F-11D3-BF4B-00C04F79EFBC}") = "Accademy", "Accademy\Accademy.csproj", "{5B911B4F-AA72-46DC-B891-3A26583BF503}"
EndProject
Global
	GlobalSection(SolutionConfigurationPlatforms) = preSolution
		Debug|Any CPU = Debug|Any CPU
		Release|Any CPU = Release|Any CPU
	EndGlobalSection
	GlobalSection(ProjectConfigurationPlatforms) = postSolution
		{CDF125A8-459C-4A90-8A5A-12D939040151}.Debug|Any CPU.ActiveCfg = Debug|Any CPU
		{CDF125A8-459C-4A90-8A5A-12D939040151}.Debug|Any CPU.Build.0 = Debug|Any CPU
		{CDF125A8-459C-4A90-8A5A-12D939040151}.Release|Any CPU.ActiveCfg = Release|Any CPU
		{CDF125A8-459C-4A90-8A5A-12D939040151}.Release|Any CPU.Build.0 = Release|Any CPU
		{5B911B4F-AA72-46DC-B891-3A26583BF503}.Debug|Any CPU.ActiveCfg = Debug|Any CPU
		{5B911B4F-AA72-46DC-B891-3A26583BF503}.Debug|Any CPU.Build.0 = Debug|Any CPU
		{5B911B4F-AA72-46DC-B891-3A26583BF503}.Release|Any CPU.ActiveCfg = Release|Any CPU
		{5B911B4F-AA72-46DC-B891-3A26583BF503}.Release|Any CPU.Build.0 = Release|Any CPU
	EndGlobalSection
	GlobalSection(SolutionProperties) = preSolution
		HideSolutionNode = FALSE
	EndGlobalSection
	GlobalSection(ExtensibilityGlobals) = postSolution
		SolutionGuid = {B220A03E-870A-4BC6-8DFB-6306FEB5F31D}
	EndGlobalSection
EndGlobal
